
Microsoft Visual Studio Solution File, Format Version 12.00
# Visual Studio 2012
Project("{FAE04EC0-301F-11D3-BF4B-00C04F79EFBC}") = "DataLayer", "..\DataLayer\DataLayer.csproj", "{6B445FCB-7D6C-4C4F-A346-D02182ACC159}"
EndProject
Project("{FAE04EC0-301F-11D3-BF4B-00C04F79EFBC}") = "Web", "Web.csproj", "{EBD99DF9-EAA7-478B-88BB-0E30472C211E}"
EndProject
Project("{FAE04EC0-301F-11D3-BF4B-00C04F79EFBC}") = "BLL", "..\BLL\BLL.csproj", "{6A2DD105-E96C-421E-9FBD-B995F2ADFD8D}"
EndProject
Global
	GlobalSection(SolutionConfigurationPlatforms) = preSolution
		Debug|Any CPU = Debug|Any CPU
		Release|Any CPU = Release|Any CPU
	EndGlobalSection
	GlobalSection(ProjectConfigurationPlatforms) = postSolution
		{6B445FCB-7D6C-4C4F-A346-D02182ACC159}.Debug|Any CPU.ActiveCfg = Debug|Any CPU
		{6B445FCB-7D6C-4C4F-A346-D02182ACC159}.Debug|Any CPU.Build.0 = Debug|Any CPU
		{6B445FCB-7D6C-4C4F-A346-D02182ACC159}.Release|Any CPU.ActiveCfg = Release|Any CPU
		{6B445FCB-7D6C-4C4F-A346-D02182ACC159}.Release|Any CPU.Build.0 = Release|Any CPU
		{EBD99DF9-EAA7-478B-88BB-0E30472C211E}.Debug|Any CPU.ActiveCfg = Debug|Any CPU
		{EBD99DF9-EAA7-478B-88BB-0E30472C211E}.Debug|Any CPU.Build.0 = Debug|Any CPU
		{EBD99DF9-EAA7-478B-88BB-0E30472C211E}.Release|Any CPU.ActiveCfg = Release|Any CPU
		{EBD99DF9-EAA7-478B-88BB-0E30472C211E}.Release|Any CPU.Build.0 = Release|Any CPU
		{6A2DD105-E96C-421E-9FBD-B995F2ADFD8D}.Debug|Any CPU.ActiveCfg = Debug|Any CPU
		{6A2DD105-E96C-421E-9FBD-B995F2ADFD8D}.Debug|Any CPU.Build.0 = Debug|Any CPU
		{6A2DD105-E96C-421E-9FBD-B995F2ADFD8D}.Release|Any CPU.ActiveCfg = Release|Any CPU
		{6A2DD105-E96C-421E-9FBD-B995F2ADFD8D}.Release|Any CPU.Build.0 = Release|Any CPU
	EndGlobalSection
	GlobalSection(SolutionProperties) = preSolution
		HideSolutionNode = FALSE
	EndGlobalSection
EndGlobal
